
Microsoft Visual Studio Solution File, Format Version 12.00
# Visual Studio Version 17
VisualStudioVersion = 17.13.35818.85 d17.13
MinimumVisualStudioVersion = 10.0.40219.1
Project("{FAE04EC0-301F-11D3-BF4B-00C04F79EFBC}") = "Atividade2", "Atividade2\Atividade2.csproj", "{C879B3B5-4A83-4D83-BFFE-1177BFE071EF}"
EndProject
Global
	GlobalSection(SolutionConfigurationPlatforms) = preSolution
		Debug|Any CPU = Debug|Any CPU
		Release|Any CPU = Release|Any CPU
	EndGlobalSection
	GlobalSection(ProjectConfigurationPlatforms) = postSolution
		{C879B3B5-4A83-4D83-BFFE-1177BFE071EF}.Debug|Any CPU.ActiveCfg = Debug|Any CPU
		{C879B3B5-4A83-4D83-BFFE-1177BFE071EF}.Debug|Any CPU.Build.0 = Debug|Any CPU
		{C879B3B5-4A83-4D83-BFFE-1177BFE071EF}.Release|Any CPU.ActiveCfg = Release|Any CPU
		{C879B3B5-4A83-4D83-BFFE-1177BFE071EF}.Release|Any CPU.Build.0 = Release|Any CPU
	EndGlobalSection
	GlobalSection(SolutionProperties) = preSolution
		HideSolutionNode = FALSE
	EndGlobalSection
	GlobalSection(ExtensibilityGlobals) = postSolution
		SolutionGuid = {A7817CBF-40EC-446F-AC53-9F3E064567A3}
	EndGlobalSection
EndGlobal
